
Microsoft Visual Studio Solution File, Format Version 12.00
# Visual Studio Version 17
VisualStudioVersion = 17.14.36414.22 d17.14
MinimumVisualStudioVersion = 10.0.40219.1
Project("{FAE04EC0-301F-11D3-BF4B-00C04F79EFBC}") = "PrzelicznikVol2", "PrzelicznikVol2.csproj", "{B1283FAA-A409-4F74-8FA7-A307EBADAFDB}"
EndProject
Global
	GlobalSection(SolutionConfigurationPlatforms) = preSolution
		Debug|Any CPU = Debug|Any CPU
		Release|Any CPU = Release|Any CPU
	EndGlobalSection
	GlobalSection(ProjectConfigurationPlatforms) = postSolution
		{B1283FAA-A409-4F74-8FA7-A307EBADAFDB}.Debug|Any CPU.ActiveCfg = Debug|Any CPU
		{B1283FAA-A409-4F74-8FA7-A307EBADAFDB}.Debug|Any CPU.Build.0 = Debug|Any CPU
		{B1283FAA-A409-4F74-8FA7-A307EBADAFDB}.Release|Any CPU.ActiveCfg = Release|Any CPU
		{B1283FAA-A409-4F74-8FA7-A307EBADAFDB}.Release|Any CPU.Build.0 = Release|Any CPU
	EndGlobalSection
	GlobalSection(SolutionProperties) = preSolution
		HideSolutionNode = FALSE
	EndGlobalSection
	GlobalSection(ExtensibilityGlobals) = postSolution
		SolutionGuid = {EE3CE9C8-0EC4-41ED-80F7-A1ABFF863911}
	EndGlobalSection
EndGlobal
